
Microsoft Visual Studio Solution File, Format Version 12.00
# Visual Studio Version 17
VisualStudioVersion = 17.4.33213.308
MinimumVisualStudioVersion = 10.0.40219.1
Project("{2150E333-8FDC-42A3-9474-1A3956D46DE8}") = "src", "src", "{B0A023EF-4E68-47CE-BB20-3E4A95935E5D}"
EndProject
Project("{2150E333-8FDC-42A3-9474-1A3956D46DE8}") = "test", "test", "{2D6EA0EE-78D8-445B-92A3-6D31BC5B7702}"
EndProject
Project("{2150E333-8FDC-42A3-9474-1A3956D46DE8}") = "solutionItems", "solutionItems", "{344743A7-CCF2-482B-B527-029421B69D92}"
	ProjectSection(SolutionItems) = preProject
		Directory.Build.targets = Directory.Build.targets
	EndProjectSection
EndProject
Project("{2150E333-8FDC-42A3-9474-1A3956D46DE8}") = "Domain", "Domain", "{40A658E6-5097-491E-A259-0313461733C1}"
EndProject
Project("{2150E333-8FDC-42A3-9474-1A3956D46DE8}") = "ApplicationService", "ApplicationService", "{92F4511A-F91A-4F6F-8DE4-5655356D40F1}"
EndProject
Project("{2150E333-8FDC-42A3-9474-1A3956D46DE8}") = "Infrastructure", "Infrastructure", "{E657CA23-87C2-43F0-8AC8-39E7E357F44B}"
EndProject
Project("{2150E333-8FDC-42A3-9474-1A3956D46DE8}") = "framework", "framework", "{1C55BC55-B359-42E7-856F-1129CA0976E8}"
EndProject
Project("{9A19103F-16F7-4668-BE54-9A1E7A4F7556}") = "Mc2.CrudTest.Domain", "src\Mc2.CrudTest.Domain\Mc2.CrudTest.Domain.csproj", "{CAABA3B2-EFE5-461E-9490-E2A7B2412397}"
EndProject
Project("{9A19103F-16F7-4668-BE54-9A1E7A4F7556}") = "Mc2.CrudTest.Domain.Contract", "src\Mc2.CrudTest.Domain.Contract\Mc2.CrudTest.Domain.Contract.csproj", "{E1768782-790C-4B68-B6AD-ED6632BF3D00}"
EndProject
Project("{9A19103F-16F7-4668-BE54-9A1E7A4F7556}") = "Mc2.CrudTest.ApplicationService", "src\Mc2.CrudTest.ApplicationService\Mc2.CrudTest.ApplicationService.csproj", "{B784E3DC-755A-450B-99F3-5F0CEE4DD628}"
EndProject
Project("{9A19103F-16F7-4668-BE54-9A1E7A4F7556}") = "Mc2.CrudTest.ApplicationService.Contract", "src\Mc2.CrudTest.ApplicationService.Contract\Mc2.CrudTest.ApplicationService.Contract.csproj", "{8F84CD5E-DF28-415D-8514-2EC615BE9C46}"
EndProject
Project("{9A19103F-16F7-4668-BE54-9A1E7A4F7556}") = "Mc2.Framework.Core", "framework\Mc2.Framework.Core\Mc2.Framework.Core.csproj", "{0EC620E1-D952-4AE4-A8F2-F973DABEED3F}"
EndProject
Project("{2150E333-8FDC-42A3-9474-1A3956D46DE8}") = "Host", "Host", "{608FE3A8-EA27-4BFE-8605-7E899EC1431D}"
EndProject
Project("{9A19103F-16F7-4668-BE54-9A1E7A4F7556}") = "Mc2.CrudTest.Api", "src\Mc2.CrudTest.Api\Mc2.CrudTest.Api.csproj", "{03E2DAF7-0F0E-42CB-A99D-FD7158FF6941}"
EndProject
Project("{9A19103F-16F7-4668-BE54-9A1E7A4F7556}") = "Mc2.Framework.Core.Test", "framework\Mc2.Framework.Core.Test\Mc2.Framework.Core.Test.csproj", "{2115A9CF-3972-4E98-842F-0EA39AC0BAA8}"
EndProject
Project("{9A19103F-16F7-4668-BE54-9A1E7A4F7556}") = "Mc2.CrudTest.Domain.Test", "src\Mc2.CrudTest.Domain.Test\Mc2.CrudTest.Domain.Test.csproj", "{E84A8D0E-01CD-45D7-AD44-C3617F355576}"
EndProject
Project("{9A19103F-16F7-4668-BE54-9A1E7A4F7556}") = "Mc2.CrudTest.Repository.Postgres", "src\Mc2.CrudTest.Repository.Postgres\Mc2.CrudTest.Repository.Postgres.csproj", "{07F3D2F5-238C-490D-8751-DE7DA6D4344A}"
EndProject
Project("{9A19103F-16F7-4668-BE54-9A1E7A4F7556}") = "Mc2.Framework.Validation", "framework\Mc2.Framework.Validation\Mc2.Framework.Validation.csproj", "{D1A355CE-EF21-4B61-A0FE-DCFA08F86D4D}"
EndProject
Project("{9A19103F-16F7-4668-BE54-9A1E7A4F7556}") = "Mc2.Framework.Validation.Test", "framework\Mc2.Framework.Validation.Test\Mc2.Framework.Validation.Test.csproj", "{18A0D41C-1C17-4077-A5D5-24E97B79A5D3}"
EndProject
Project("{9A19103F-16F7-4668-BE54-9A1E7A4F7556}") = "Mc2.CrudTest.DomainService", "src\Mc2.CrudTest.DomainService\Mc2.CrudTest.DomainService.csproj", "{9BB1E31A-CB54-4D97-B965-25FFF4AB51A6}"
EndProject
Project("{9A19103F-16F7-4668-BE54-9A1E7A4F7556}") = "Mc2.CrudTest.Test", "test\Mc2.CrudTest.Test\Mc2.CrudTest.Test.csproj", "{07FA6966-B6D9-44FD-B54B-D081ACEBB74D}"
EndProject
Project("{9A19103F-16F7-4668-BE54-9A1E7A4F7556}") = "Mc2.CrudTest.UI", "src\Mc2.CrudTest.UI\Mc2.CrudTest.UI.csproj", "{7118A813-DEA2-434B-BB32-66F3B446B6E6}"
EndProject
Global
	GlobalSection(SolutionConfigurationPlatforms) = preSolution
		Debug|Any CPU = Debug|Any CPU
		Release|Any CPU = Release|Any CPU
	EndGlobalSection
	GlobalSection(ProjectConfigurationPlatforms) = postSolution
		{CAABA3B2-EFE5-461E-9490-E2A7B2412397}.Debug|Any CPU.ActiveCfg = Debug|Any CPU
		{CAABA3B2-EFE5-461E-9490-E2A7B2412397}.Debug|Any CPU.Build.0 = Debug|Any CPU
		{CAABA3B2-EFE5-461E-9490-E2A7B2412397}.Release|Any CPU.ActiveCfg = Release|Any CPU
		{CAABA3B2-EFE5-461E-9490-E2A7B2412397}.Release|Any CPU.Build.0 = Release|Any CPU
		{E1768782-790C-4B68-B6AD-ED6632BF3D00}.Debug|Any CPU.ActiveCfg = Debug|Any CPU
		{E1768782-790C-4B68-B6AD-ED6632BF3D00}.Debug|Any CPU.Build.0 = Debug|Any CPU
		{E1768782-790C-4B68-B6AD-ED6632BF3D00}.Release|Any CPU.ActiveCfg = Release|Any CPU
		{E1768782-790C-4B68-B6AD-ED6632BF3D00}.Release|Any CPU.Build.0 = Release|Any CPU
		{B784E3DC-755A-450B-99F3-5F0CEE4DD628}.Debug|Any CPU.ActiveCfg = Debug|Any CPU
		{B784E3DC-755A-450B-99F3-5F0CEE4DD628}.Debug|Any CPU.Build.0 = Debug|Any CPU
		{B784E3DC-755A-450B-99F3-5F0CEE4DD628}.Release|Any CPU.ActiveCfg = Release|Any CPU
		{B784E3DC-755A-450B-99F3-5F0CEE4DD628}.Release|Any CPU.Build.0 = Release|Any CPU
		{8F84CD5E-DF28-415D-8514-2EC615BE9C46}.Debug|Any CPU.ActiveCfg = Debug|Any CPU
		{8F84CD5E-DF28-415D-8514-2EC615BE9C46}.Debug|Any CPU.Build.0 = Debug|Any CPU
		{8F84CD5E-DF28-415D-8514-2EC615BE9C46}.Release|Any CPU.ActiveCfg = Release|Any CPU
		{8F84CD5E-DF28-415D-8514-2EC615BE9C46}.Release|Any CPU.Build.0 = Release|Any CPU
		{0EC620E1-D952-4AE4-A8F2-F973DABEED3F}.Debug|Any CPU.ActiveCfg = Debug|Any CPU
		{0EC620E1-D952-4AE4-A8F2-F973DABEED3F}.Debug|Any CPU.Build.0 = Debug|Any CPU
		{0EC620E1-D952-4AE4-A8F2-F973DABEED3F}.Release|Any CPU.ActiveCfg = Release|Any CPU
		{0EC620E1-D952-4AE4-A8F2-F973DABEED3F}.Release|Any CPU.Build.0 = Release|Any CPU
		{03E2DAF7-0F0E-42CB-A99D-FD7158FF6941}.Debug|Any CPU.ActiveCfg = Debug|Any CPU
		{03E2DAF7-0F0E-42CB-A99D-FD7158FF6941}.Debug|Any CPU.Build.0 = Debug|Any CPU
		{03E2DAF7-0F0E-42CB-A99D-FD7158FF6941}.Release|Any CPU.ActiveCfg = Release|Any CPU
		{03E2DAF7-0F0E-42CB-A99D-FD7158FF6941}.Release|Any CPU.Build.0 = Release|Any CPU
		{2115A9CF-3972-4E98-842F-0EA39AC0BAA8}.Debug|Any CPU.ActiveCfg = Debug|Any CPU
		{2115A9CF-3972-4E98-842F-0EA39AC0BAA8}.Debug|Any CPU.Build.0 = Debug|Any CPU
		{2115A9CF-3972-4E98-842F-0EA39AC0BAA8}.Release|Any CPU.ActiveCfg = Release|Any CPU
		{2115A9CF-3972-4E98-842F-0EA39AC0BAA8}.Release|Any CPU.Build.0 = Release|Any CPU
		{E84A8D0E-01CD-45D7-AD44-C3617F355576}.Debug|Any CPU.ActiveCfg = Debug|Any CPU
		{E84A8D0E-01CD-45D7-AD44-C3617F355576}.Debug|Any CPU.Build.0 = Debug|Any CPU
		{E84A8D0E-01CD-45D7-AD44-C3617F355576}.Release|Any CPU.ActiveCfg = Release|Any CPU
		{E84A8D0E-01CD-45D7-AD44-C3617F355576}.Release|Any CPU.Build.0 = Release|Any CPU
		{07F3D2F5-238C-490D-8751-DE7DA6D4344A}.Debug|Any CPU.ActiveCfg = Debug|Any CPU
		{07F3D2F5-238C-490D-8751-DE7DA6D4344A}.Debug|Any CPU.Build.0 = Debug|Any CPU
		{07F3D2F5-238C-490D-8751-DE7DA6D4344A}.Release|Any CPU.ActiveCfg = Release|Any CPU
		{07F3D2F5-238C-490D-8751-DE7DA6D4344A}.Release|Any CPU.Build.0 = Release|Any CPU
		{D1A355CE-EF21-4B61-A0FE-DCFA08F86D4D}.Debug|Any CPU.ActiveCfg = Debug|Any CPU
		{D1A355CE-EF21-4B61-A0FE-DCFA08F86D4D}.Debug|Any CPU.Build.0 = Debug|Any CPU
		{D1A355CE-EF21-4B61-A0FE-DCFA08F86D4D}.Release|Any CPU.ActiveCfg = Release|Any CPU
		{D1A355CE-EF21-4B61-A0FE-DCFA08F86D4D}.Release|Any CPU.Build.0 = Release|Any CPU
		{18A0D41C-1C17-4077-A5D5-24E97B79A5D3}.Debug|Any CPU.ActiveCfg = Debug|Any CPU
		{18A0D41C-1C17-4077-A5D5-24E97B79A5D3}.Debug|Any CPU.Build.0 = Debug|Any CPU
		{18A0D41C-1C17-4077-A5D5-24E97B79A5D3}.Release|Any CPU.ActiveCfg = Release|Any CPU
		{18A0D41C-1C17-4077-A5D5-24E97B79A5D3}.Release|Any CPU.Build.0 = Release|Any CPU
		{9BB1E31A-CB54-4D97-B965-25FFF4AB51A6}.Debug|Any CPU.ActiveCfg = Debug|Any CPU
		{9BB1E31A-CB54-4D97-B965-25FFF4AB51A6}.Debug|Any CPU.Build.0 = Debug|Any CPU
		{9BB1E31A-CB54-4D97-B965-25FFF4AB51A6}.Release|Any CPU.ActiveCfg = Release|Any CPU
		{9BB1E31A-CB54-4D97-B965-25FFF4AB51A6}.Release|Any CPU.Build.0 = Release|Any CPU
		{07FA6966-B6D9-44FD-B54B-D081ACEBB74D}.Debug|Any CPU.ActiveCfg = Debug|Any CPU
		{07FA6966-B6D9-44FD-B54B-D081ACEBB74D}.Debug|Any CPU.Build.0 = Debug|Any CPU
		{07FA6966-B6D9-44FD-B54B-D081ACEBB74D}.Release|Any CPU.ActiveCfg = Release|Any CPU
		{07FA6966-B6D9-44FD-B54B-D081ACEBB74D}.Release|Any CPU.Build.0 = Release|Any CPU
		{7118A813-DEA2-434B-BB32-66F3B446B6E6}.Debug|Any CPU.ActiveCfg = Debug|Any CPU
		{7118A813-DEA2-434B-BB32-66F3B446B6E6}.Debug|Any CPU.Build.0 = Debug|Any CPU
		{7118A813-DEA2-434B-BB32-66F3B446B6E6}.Release|Any CPU.ActiveCfg = Release|Any CPU
		{7118A813-DEA2-434B-BB32-66F3B446B6E6}.Release|Any CPU.Build.0 = Release|Any CPU
	EndGlobalSection
	GlobalSection(SolutionProperties) = preSolution
		HideSolutionNode = FALSE
	EndGlobalSection
	GlobalSection(NestedProjects) = preSolution
		{40A658E6-5097-491E-A259-0313461733C1} = {B0A023EF-4E68-47CE-BB20-3E4A95935E5D}
		{92F4511A-F91A-4F6F-8DE4-5655356D40F1} = {B0A023EF-4E68-47CE-BB20-3E4A95935E5D}
		{E657CA23-87C2-43F0-8AC8-39E7E357F44B} = {B0A023EF-4E68-47CE-BB20-3E4A95935E5D}
		{CAABA3B2-EFE5-461E-9490-E2A7B2412397} = {40A658E6-5097-491E-A259-0313461733C1}
		{E1768782-790C-4B68-B6AD-ED6632BF3D00} = {40A658E6-5097-491E-A259-0313461733C1}
		{B784E3DC-755A-450B-99F3-5F0CEE4DD628} = {92F4511A-F91A-4F6F-8DE4-5655356D40F1}
		{8F84CD5E-DF28-415D-8514-2EC615BE9C46} = {92F4511A-F91A-4F6F-8DE4-5655356D40F1}
		{0EC620E1-D952-4AE4-A8F2-F973DABEED3F} = {1C55BC55-B359-42E7-856F-1129CA0976E8}
		{608FE3A8-EA27-4BFE-8605-7E899EC1431D} = {B0A023EF-4E68-47CE-BB20-3E4A95935E5D}
		{03E2DAF7-0F0E-42CB-A99D-FD7158FF6941} = {608FE3A8-EA27-4BFE-8605-7E899EC1431D}
		{2115A9CF-3972-4E98-842F-0EA39AC0BAA8} = {1C55BC55-B359-42E7-856F-1129CA0976E8}
		{E84A8D0E-01CD-45D7-AD44-C3617F355576} = {40A658E6-5097-491E-A259-0313461733C1}
		{07F3D2F5-238C-490D-8751-DE7DA6D4344A} = {E657CA23-87C2-43F0-8AC8-39E7E357F44B}
		{D1A355CE-EF21-4B61-A0FE-DCFA08F86D4D} = {1C55BC55-B359-42E7-856F-1129CA0976E8}
		{18A0D41C-1C17-4077-A5D5-24E97B79A5D3} = {1C55BC55-B359-42E7-856F-1129CA0976E8}
		{9BB1E31A-CB54-4D97-B965-25FFF4AB51A6} = {E657CA23-87C2-43F0-8AC8-39E7E357F44B}
		{07FA6966-B6D9-44FD-B54B-D081ACEBB74D} = {2D6EA0EE-78D8-445B-92A3-6D31BC5B7702}
		{7118A813-DEA2-434B-BB32-66F3B446B6E6} = {608FE3A8-EA27-4BFE-8605-7E899EC1431D}
	EndGlobalSection
	GlobalSection(ExtensibilityGlobals) = postSolution
		SolutionGuid = {4B5A26C9-68C1-49D9-9F32-AF907A1730C2}
	EndGlobalSection
EndGlobal
